
Microsoft Visual Studio Solution File, Format Version 12.00
# Visual Studio Version 16
VisualStudioVersion = 16.0.31729.503
MinimumVisualStudioVersion = 10.0.40219.1
Project("{FAE04EC0-301F-11D3-BF4B-00C04F79EFBC}") = "UNIQUE", "UNIQUE.csproj", "{1315BF91-CDF1-46D3-9BF2-B670FFFB563A}"
EndProject
Project("{FAE04EC0-301F-11D3-BF4B-00C04F79EFBC}") = "UniquePro", "..\UniquePro\UniquePro.csproj", "{33BCF653-7787-4A0B-A6D7-E95AD0E9D506}"
EndProject
Project("{FAE04EC0-301F-11D3-BF4B-00C04F79EFBC}") = "RaxUploader", "..\RaxUploader\RaxUploader.csproj", "{B0D8ECE0-C718-40E0-870A-A0F2636A7EF8}"
EndProject
Global
	GlobalSection(SolutionConfigurationPlatforms) = preSolution
		Debug|Any CPU = Debug|Any CPU
		Debug|ARM = Debug|ARM
		Debug|ARM64 = Debug|ARM64
		Debug|x64 = Debug|x64
		Debug|x86 = Debug|x86
		Release|Any CPU = Release|Any CPU
		Release|ARM = Release|ARM
		Release|ARM64 = Release|ARM64
		Release|x64 = Release|x64
		Release|x86 = Release|x86
	EndGlobalSection
	GlobalSection(ProjectConfigurationPlatforms) = postSolution
		{1315BF91-CDF1-46D3-9BF2-B670FFFB563A}.Debug|Any CPU.ActiveCfg = Debug|Any CPU
		{1315BF91-CDF1-46D3-9BF2-B670FFFB563A}.Debug|Any CPU.Build.0 = Debug|Any CPU
		{1315BF91-CDF1-46D3-9BF2-B670FFFB563A}.Debug|ARM.ActiveCfg = Debug|Any CPU
		{1315BF91-CDF1-46D3-9BF2-B670FFFB563A}.Debug|ARM.Build.0 = Debug|Any CPU
		{1315BF91-CDF1-46D3-9BF2-B670FFFB563A}.Debug|ARM64.ActiveCfg = Debug|Any CPU
		{1315BF91-CDF1-46D3-9BF2-B670FFFB563A}.Debug|ARM64.Build.0 = Debug|Any CPU
		{1315BF91-CDF1-46D3-9BF2-B670FFFB563A}.Debug|x64.ActiveCfg = Debug|Any CPU
		{1315BF91-CDF1-46D3-9BF2-B670FFFB563A}.Debug|x64.Build.0 = Debug|Any CPU
		{1315BF91-CDF1-46D3-9BF2-B670FFFB563A}.Debug|x86.ActiveCfg = Debug|Any CPU
		{1315BF91-CDF1-46D3-9BF2-B670FFFB563A}.Debug|x86.Build.0 = Debug|Any CPU
		{1315BF91-CDF1-46D3-9BF2-B670FFFB563A}.Release|Any CPU.ActiveCfg = Release|Any CPU
		{1315BF91-CDF1-46D3-9BF2-B670FFFB563A}.Release|Any CPU.Build.0 = Release|Any CPU
		{1315BF91-CDF1-46D3-9BF2-B670FFFB563A}.Release|ARM.ActiveCfg = Release|Any CPU
		{1315BF91-CDF1-46D3-9BF2-B670FFFB563A}.Release|ARM.Build.0 = Release|Any CPU
		{1315BF91-CDF1-46D3-9BF2-B670FFFB563A}.Release|ARM64.ActiveCfg = Release|Any CPU
		{1315BF91-CDF1-46D3-9BF2-B670FFFB563A}.Release|ARM64.Build.0 = Release|Any CPU
		{1315BF91-CDF1-46D3-9BF2-B670FFFB563A}.Release|x64.ActiveCfg = Release|Any CPU
		{1315BF91-CDF1-46D3-9BF2-B670FFFB563A}.Release|x64.Build.0 = Release|Any CPU
		{1315BF91-CDF1-46D3-9BF2-B670FFFB563A}.Release|x86.ActiveCfg = Release|Any CPU
		{1315BF91-CDF1-46D3-9BF2-B670FFFB563A}.Release|x86.Build.0 = Release|Any CPU
		{33BCF653-7787-4A0B-A6D7-E95AD0E9D506}.Debug|Any CPU.ActiveCfg = Debug|Any CPU
		{33BCF653-7787-4A0B-A6D7-E95AD0E9D506}.Debug|Any CPU.Build.0 = Debug|Any CPU
		{33BCF653-7787-4A0B-A6D7-E95AD0E9D506}.Debug|ARM.ActiveCfg = Debug|Any CPU
		{33BCF653-7787-4A0B-A6D7-E95AD0E9D506}.Debug|ARM.Build.0 = Debug|Any CPU
		{33BCF653-7787-4A0B-A6D7-E95AD0E9D506}.Debug|ARM64.ActiveCfg = Debug|Any CPU
		{33BCF653-7787-4A0B-A6D7-E95AD0E9D506}.Debug|ARM64.Build.0 = Debug|Any CPU
		{33BCF653-7787-4A0B-A6D7-E95AD0E9D506}.Debug|x64.ActiveCfg = Debug|Any CPU
		{33BCF653-7787-4A0B-A6D7-E95AD0E9D506}.Debug|x64.Build.0 = Debug|Any CPU
		{33BCF653-7787-4A0B-A6D7-E95AD0E9D506}.Debug|x86.ActiveCfg = Debug|Any CPU
		{33BCF653-7787-4A0B-A6D7-E95AD0E9D506}.Debug|x86.Build.0 = Debug|Any CPU
		{33BCF653-7787-4A0B-A6D7-E95AD0E9D506}.Release|Any CPU.ActiveCfg = Release|Any CPU
		{33BCF653-7787-4A0B-A6D7-E95AD0E9D506}.Release|Any CPU.Build.0 = Release|Any CPU
		{33BCF653-7787-4A0B-A6D7-E95AD0E9D506}.Release|ARM.ActiveCfg = Release|Any CPU
		{33BCF653-7787-4A0B-A6D7-E95AD0E9D506}.Release|ARM.Build.0 = Release|Any CPU
		{33BCF653-7787-4A0B-A6D7-E95AD0E9D506}.Release|ARM64.ActiveCfg = Release|Any CPU
		{33BCF653-7787-4A0B-A6D7-E95AD0E9D506}.Release|ARM64.Build.0 = Release|Any CPU
		{33BCF653-7787-4A0B-A6D7-E95AD0E9D506}.Release|x64.ActiveCfg = Release|Any CPU
		{33BCF653-7787-4A0B-A6D7-E95AD0E9D506}.Release|x64.Build.0 = Release|Any CPU
		{33BCF653-7787-4A0B-A6D7-E95AD0E9D506}.Release|x86.ActiveCfg = Release|Any CPU
		{33BCF653-7787-4A0B-A6D7-E95AD0E9D506}.Release|x86.Build.0 = Release|Any CPU
		{B0D8ECE0-C718-40E0-870A-A0F2636A7EF8}.Debug|Any CPU.ActiveCfg = Debug|Any CPU
		{B0D8ECE0-C718-40E0-870A-A0F2636A7EF8}.Debug|Any CPU.Build.0 = Debug|Any CPU
		{B0D8ECE0-C718-40E0-870A-A0F2636A7EF8}.Debug|ARM.ActiveCfg = Debug|Any CPU
		{B0D8ECE0-C718-40E0-870A-A0F2636A7EF8}.Debug|ARM.Build.0 = Debug|Any CPU
		{B0D8ECE0-C718-40E0-870A-A0F2636A7EF8}.Debug|ARM64.ActiveCfg = Debug|Any CPU
		{B0D8ECE0-C718-40E0-870A-A0F2636A7EF8}.Debug|ARM64.Build.0 = Debug|Any CPU
		{B0D8ECE0-C718-40E0-870A-A0F2636A7EF8}.Debug|x64.ActiveCfg = Debug|Any CPU
		{B0D8ECE0-C718-40E0-870A-A0F2636A7EF8}.Debug|x64.Build.0 = Debug|Any CPU
		{B0D8ECE0-C718-40E0-870A-A0F2636A7EF8}.Debug|x86.ActiveCfg = Debug|Any CPU
		{B0D8ECE0-C718-40E0-870A-A0F2636A7EF8}.Debug|x86.Build.0 = Debug|Any CPU
		{B0D8ECE0-C718-40E0-870A-A0F2636A7EF8}.Release|Any CPU.ActiveCfg = Release|Any CPU
		{B0D8ECE0-C718-40E0-870A-A0F2636A7EF8}.Release|Any CPU.Build.0 = Release|Any CPU
		{B0D8ECE0-C718-40E0-870A-A0F2636A7EF8}.Release|ARM.ActiveCfg = Release|Any CPU
		{B0D8ECE0-C718-40E0-870A-A0F2636A7EF8}.Release|ARM.Build.0 = Release|Any CPU
		{B0D8ECE0-C718-40E0-870A-A0F2636A7EF8}.Release|ARM64.ActiveCfg = Release|Any CPU
		{B0D8ECE0-C718-40E0-870A-A0F2636A7EF8}.Release|ARM64.Build.0 = Release|Any CPU
		{B0D8ECE0-C718-40E0-870A-A0F2636A7EF8}.Release|x64.ActiveCfg = Release|Any CPU
		{B0D8ECE0-C718-40E0-870A-A0F2636A7EF8}.Release|x64.Build.0 = Release|Any CPU
		{B0D8ECE0-C718-40E0-870A-A0F2636A7EF8}.Release|x86.ActiveCfg = Release|Any CPU
		{B0D8ECE0-C718-40E0-870A-A0F2636A7EF8}.Release|x86.Build.0 = Release|Any CPU
	EndGlobalSection
	GlobalSection(SolutionProperties) = preSolution
		HideSolutionNode = FALSE
	EndGlobalSection
	GlobalSection(ExtensibilityGlobals) = postSolution
		SolutionGuid = {B5F860F9-73E1-4538-85A0-FBA8E3410AA3}
		VisualSVNWorkingCopyRoot = .
	EndGlobalSection
EndGlobal
